
Microsoft Visual Studio Solution File, Format Version 12.00
# Visual Studio 14
VisualStudioVersion = 14.0.25420.1
MinimumVisualStudioVersion = 10.0.40219.1
Project("{D954291E-2A0B-460D-934E-DC6B0785DB48}") = "CalculatorProject", "CalculatorProject\CalculatorProject.shproj", "{67918614-E455-4FE9-AD01-4DA8CBBD3727}"
EndProject
Global
	GlobalSection(SharedMSBuildProjectFiles) = preSolution
		CalculatorProject\CalculatorProject.projitems*{67918614-e455-4fe9-ad01-4da8cbbd3727}*SharedItemsImports = 13
	EndGlobalSection
	GlobalSection(SolutionProperties) = preSolution
		HideSolutionNode = FALSE
	EndGlobalSection
EndGlobal
